
Microsoft Visual Studio Solution File, Format Version 12.00
# Visual Studio Version 17
VisualStudioVersion = 17.11.35312.102
MinimumVisualStudioVersion = 10.0.40219.1
Project("{9A19103F-16F7-4668-BE54-9A1E7A4F7556}") = "FalmatazClothing", "FalmatazClothing\FalmatazClothing.csproj", "{2722B418-C828-4518-A08C-CBE8B9464156}"
EndProject
Global
	GlobalSection(SolutionConfigurationPlatforms) = preSolution
		Debug|Any CPU = Debug|Any CPU
		Release|Any CPU = Release|Any CPU
	EndGlobalSection
	GlobalSection(ProjectConfigurationPlatforms) = postSolution
		{2722B418-C828-4518-A08C-CBE8B9464156}.Debug|Any CPU.ActiveCfg = Debug|Any CPU
		{2722B418-C828-4518-A08C-CBE8B9464156}.Debug|Any CPU.Build.0 = Debug|Any CPU
		{2722B418-C828-4518-A08C-CBE8B9464156}.Release|Any CPU.ActiveCfg = Release|Any CPU
		{2722B418-C828-4518-A08C-CBE8B9464156}.Release|Any CPU.Build.0 = Release|Any CPU
	EndGlobalSection
	GlobalSection(SolutionProperties) = preSolution
		HideSolutionNode = FALSE
	EndGlobalSection
	GlobalSection(ExtensibilityGlobals) = postSolution
		SolutionGuid = {15EC3906-AAC5-436F-B082-0423903F0B0B}
	EndGlobalSection
EndGlobal
